
Microsoft Visual Studio Solution File, Format Version 12.00
# Visual Studio Version 17
VisualStudioVersion = 17.9.34902.65
MinimumVisualStudioVersion = 10.0.40219.1
Project("{FAE04EC0-301F-11D3-BF4B-00C04F79EFBC}") = "Calculadora", "Calculadora\Calculadora.csproj", "{63B0387F-8516-412F-A820-A44E9A421876}"
EndProject
Global
	GlobalSection(SolutionConfigurationPlatforms) = preSolution
		Debug|Any CPU = Debug|Any CPU
		Release|Any CPU = Release|Any CPU
	EndGlobalSection
	GlobalSection(ProjectConfigurationPlatforms) = postSolution
		{63B0387F-8516-412F-A820-A44E9A421876}.Debug|Any CPU.ActiveCfg = Debug|Any CPU
		{63B0387F-8516-412F-A820-A44E9A421876}.Debug|Any CPU.Build.0 = Debug|Any CPU
		{63B0387F-8516-412F-A820-A44E9A421876}.Release|Any CPU.ActiveCfg = Release|Any CPU
		{63B0387F-8516-412F-A820-A44E9A421876}.Release|Any CPU.Build.0 = Release|Any CPU
	EndGlobalSection
	GlobalSection(SolutionProperties) = preSolution
		HideSolutionNode = FALSE
	EndGlobalSection
	GlobalSection(ExtensibilityGlobals) = postSolution
		SolutionGuid = {0B221A79-6D79-47FF-9075-CBC2A0215889}
	EndGlobalSection
EndGlobal
